{
  "name": "@bit/jannikwienecke.personal.react-listbox",
  "version": "0.1.7",
  "lockfileVersion": 1,
  "requires": true,
  "dependencies": {
    "@bit/jannikwienecke.personal.use-outside-click": {
      "version": "0.0.1",
      "resolved": "https://node.bit.dev/jannikwienecke.personal.use-outside-click/-/jannikwienecke.personal.use-outside-click-0.0.1.tgz",
      "integrity": "sha1-g/btl0aMLfBZTbfCaprgbXdvzBc="
    },
    "@reach/auto-id": {
      "version": "0.12.1",
      "resolved": "https://registry.npmjs.org/@reach/auto-id/-/auto-id-0.12.1.tgz",
      "integrity": "sha512-s8cdY6dF0hEBB/28BbidB2EX6JfEBVIWLP6S2Jg0Xqq2H3xijL+zrsjL40jACwXRkignjuP+CvYsuFuO0+/GRA==",
      "requires": {
        "@reach/utils": "0.12.1",
        "tslib": "^2.0.0"
      }
    },
    "@reach/descendants": {
      "version": "0.12.1",
      "resolved": "https://registry.npmjs.org/@reach/descendants/-/descendants-0.12.1.tgz",
      "integrity": "sha512-lvpyQ2EixbN7GvT8LyjZfHWQZz/cKwa/p7E26YQOT8nvxm4ABKRGxaSTwUA7D+MLOX6NtHo2qyZ9wippaXB5sQ==",
      "requires": {
        "@reach/utils": "0.12.1",
        "tslib": "^2.0.0"
      }
    },
    "@reach/listbox": {
      "version": "0.12.1",
      "resolved": "https://registry.npmjs.org/@reach/listbox/-/listbox-0.12.1.tgz",
      "integrity": "sha512-rFa1ZfDiJH2cvB5WdsWy9XSa6QbF3ueJExHlaOn18IcHTTn7fU46FQCLoPp8jSnFXJq4wvmtdW//GGdqutwuIQ==",
      "requires": {
        "@reach/auto-id": "0.12.1",
        "@reach/descendants": "0.12.1",
        "@reach/machine": "0.12.1",
        "@reach/popover": "0.12.1",
        "@reach/utils": "0.12.1",
        "prop-types": "^15.7.2"
      }
    },
    "@reach/machine": {
      "version": "0.12.1",
      "resolved": "https://registry.npmjs.org/@reach/machine/-/machine-0.12.1.tgz",
      "integrity": "sha512-GWxTOYwZK1c9mGz3LPXmgKHtczFTBCRnrGlrmdzu7ooFbBdXo5fDRsJYExShFs6iGBp9+WBL4M/WQxuKoEwIJg==",
      "requires": {
        "@reach/utils": "0.12.1",
        "@xstate/fsm": "1.4.0",
        "tslib": "^2.0.0"
      }
    },
    "@reach/observe-rect": {
      "version": "1.2.0",
      "resolved": "https://registry.npmjs.org/@reach/observe-rect/-/observe-rect-1.2.0.tgz",
      "integrity": "sha512-Ba7HmkFgfQxZqqaeIWWkNK0rEhpxVQHIoVyW1YDSkGsGIXzcaW4deC8B0pZrNSSyLTdIk7y+5olKt5+g0GmFIQ=="
    },
    "@reach/popover": {
      "version": "0.12.1",
      "resolved": "https://registry.npmjs.org/@reach/popover/-/popover-0.12.1.tgz",
      "integrity": "sha512-gpwd7mQK51xzDLtf+qCHsxQxeMokKNTssgoK2MIJVkPpMDrSK+rskcZswpWjHSGx9EQ27bxZb/3A0GjkN1rPLg==",
      "requires": {
        "@reach/portal": "0.12.1",
        "@reach/rect": "0.12.1",
        "@reach/utils": "0.12.1",
        "tabbable": "^4.0.0",
        "tslib": "^2.0.0"
      }
    },
    "@reach/portal": {
      "version": "0.12.1",
      "resolved": "https://registry.npmjs.org/@reach/portal/-/portal-0.12.1.tgz",
      "integrity": "sha512-Lhmtd2Qw1DzNZ2m0GHNzCu+2TYUf6kBREPSQJf44AP6kThRs02p1clntbJcmW/rrpYFYgFNbgf5Lso7NyW9ZXg==",
      "requires": {
        "@reach/utils": "0.12.1",
        "tslib": "^2.0.0"
      }
    },
    "@reach/rect": {
      "version": "0.12.1",
      "resolved": "https://registry.npmjs.org/@reach/rect/-/rect-0.12.1.tgz",
      "integrity": "sha512-c+EjKc+9ud832MpmYKsxu+2R0/XHyXk47ik/N+DIHsugIgKJn2B34r4r9benqsaHncUO1IQk5rTv40D7x+yR0g==",
      "requires": {
        "@reach/observe-rect": "1.2.0",
        "@reach/utils": "0.12.1",
        "prop-types": "^15.7.2",
        "tslib": "^2.0.0"
      }
    },
    "@reach/utils": {
      "version": "0.12.1",
      "resolved": "https://registry.npmjs.org/@reach/utils/-/utils-0.12.1.tgz",
      "integrity": "sha512-5uH4OgO+GupAzZuf3b6Wv/9uC6NdMBlxS6FSKD6YqSxP4QJ0vjD34RVon6N/RMRORacCLyD/aaZIA7283YgeOg==",
      "requires": {
        "@types/warning": "^3.0.0",
        "tslib": "^2.0.0",
        "warning": "^4.0.3"
      }
    },
    "@types/prop-types": {
      "version": "15.7.3",
      "resolved": "https://registry.npmjs.org/@types/prop-types/-/prop-types-15.7.3.tgz",
      "integrity": "sha512-KfRL3PuHmqQLOG+2tGpRO26Ctg+Cq1E01D2DMriKEATHgWLfeNDmq9e29Q9WIky0dQ3NPkd1mzYH8Lm936Z9qw==",
      "dev": true
    },
    "@types/react": {
      "version": "17.0.0",
      "resolved": "https://registry.npmjs.org/@types/react/-/react-17.0.0.tgz",
      "integrity": "sha512-aj/L7RIMsRlWML3YB6KZiXB3fV2t41+5RBGYF8z+tAKU43Px8C3cYUZsDvf1/+Bm4FK21QWBrDutu8ZJ/70qOw==",
      "dev": true,
      "requires": {
        "@types/prop-types": "*",
        "csstype": "^3.0.2"
      }
    },
    "@types/react-dom": {
      "version": "17.0.0",
      "resolved": "https://registry.npmjs.org/@types/react-dom/-/react-dom-17.0.0.tgz",
      "integrity": "sha512-lUqY7OlkF/RbNtD5nIq7ot8NquXrdFrjSOR6+w9a9RFQevGi1oZO1dcJbXMeONAPKtZ2UrZOEJ5UOCVsxbLk/g==",
      "dev": true,
      "requires": {
        "@types/react": "*"
      }
    },
    "@types/warning": {
      "version": "3.0.0",
      "resolved": "https://registry.npmjs.org/@types/warning/-/warning-3.0.0.tgz",
      "integrity": "sha1-DSUBJorY+ZYrdA04fEZU9fjiPlI="
    },
    "@xstate/fsm": {
      "version": "1.4.0",
      "resolved": "https://registry.npmjs.org/@xstate/fsm/-/fsm-1.4.0.tgz",
      "integrity": "sha512-uTHDeu2xI5E1IFwf37JFQM31RrH7mY7877RqPBS4ZqSNUwoLDuct8AhBWaXGnVizBAYyimVwgCyGa9z/NiRhXA=="
    },
    "csstype": {
      "version": "3.0.6",
      "resolved": "https://registry.npmjs.org/csstype/-/csstype-3.0.6.tgz",
      "integrity": "sha512-+ZAmfyWMT7TiIlzdqJgjMb7S4f1beorDbWbsocyK4RaiqA5RTX3K14bnBWmmA9QEM0gRdsjyyrEmcyga8Zsxmw==",
      "dev": true
    },
    "js-tokens": {
      "version": "4.0.0",
      "resolved": "https://registry.npmjs.org/js-tokens/-/js-tokens-4.0.0.tgz",
      "integrity": "sha512-RdJUflcE3cUzKiMqQgsCu06FPu9UdIJO0beYbPhHN4k6apgJtifcoCtT9bcxOpYBtpD2kCM6Sbzg4CausW/PKQ=="
    },
    "loose-envify": {
      "version": "1.4.0",
      "resolved": "https://registry.npmjs.org/loose-envify/-/loose-envify-1.4.0.tgz",
      "integrity": "sha512-lyuxPGr/Wfhrlem2CL/UcnUc1zcqKAImBDzukY7Y5F/yQiNdko6+fRLevlw1HgMySw7f611UIY408EtxRSoK3Q==",
      "requires": {
        "js-tokens": "^3.0.0 || ^4.0.0"
      }
    },
    "object-assign": {
      "version": "4.1.1",
      "resolved": "https://registry.npmjs.org/object-assign/-/object-assign-4.1.1.tgz",
      "integrity": "sha1-IQmtx5ZYh8/AXLvUQsrIv7s2CGM="
    },
    "prop-types": {
      "version": "15.7.2",
      "resolved": "https://registry.npmjs.org/prop-types/-/prop-types-15.7.2.tgz",
      "integrity": "sha512-8QQikdH7//R2vurIJSutZ1smHYTcLpRWEOlHnzcWHmBYrOGUysKwSsrC89BCiFj3CbrfJ/nXFdJepOVrY1GCHQ==",
      "requires": {
        "loose-envify": "^1.4.0",
        "object-assign": "^4.1.1",
        "react-is": "^16.8.1"
      }
    },
    "react-is": {
      "version": "16.13.1",
      "resolved": "https://registry.npmjs.org/react-is/-/react-is-16.13.1.tgz",
      "integrity": "sha512-24e6ynE2H+OKt4kqsOvNd8kBpV65zoxbA4BVsEOB3ARVWQki/DHzaUoC5KuON/BiccDaCCTZBuOcfZs70kR8bQ=="
    },
    "tabbable": {
      "version": "4.0.0",
      "resolved": "https://registry.npmjs.org/tabbable/-/tabbable-4.0.0.tgz",
      "integrity": "sha512-H1XoH1URcBOa/rZZWxLxHCtOdVUEev+9vo5YdYhC9tCY4wnybX+VQrCYuy9ubkg69fCBxCONJOSLGfw0DWMffQ=="
    },
    "tslib": {
      "version": "2.1.0",
      "resolved": "https://registry.npmjs.org/tslib/-/tslib-2.1.0.tgz",
      "integrity": "sha512-hcVC3wYEziELGGmEEXue7D75zbwIIVUMWAVbHItGPx0ziyXxrOMQx4rQEVEV45Ut/1IotuEvwqPopzIOkDMf0A=="
    },
    "warning": {
      "version": "4.0.3",
      "resolved": "https://registry.npmjs.org/warning/-/warning-4.0.3.tgz",
      "integrity": "sha512-rpJyN222KWIvHJ/F53XSZv0Zl/accqHR8et1kpaMTD/fLCRxtV8iX8czMzY7sVZupTI3zcUTg8eycS2kNF9l6w==",
      "requires": {
        "loose-envify": "^1.0.0"
      }
    }
  }
}
